{
  "nodes": {
    "nixpkgs": {
      "locked": {
        "lastModified": 1750180891,
        "narHash": "sha256-v2Ai/K9AS0aEw6+PCu4WrU1f9I98hWdxG9EnjRw5uXM=",
        "owner": "nixos",
        "repo": "nixpkgs",
        "rev": "8f49bca3dc47f48ef46511613450364fd82b0b36",
        "type": "github"
      },
      "original": {
        "owner": "nixos",
        "ref": "nixpkgs-25.05-darwin",
        "repo": "nixpkgs",
        "type": "github"
      }
    },
    "root": {
      "inputs": {
        "nixpkgs": "nixpkgs"
      }
    }
  },
  "root": "root",
  "version": 7
}
